
Microsoft Visual Studio Solution File, Format Version 12.00
# Visual Studio 14
VisualStudioVersion = 14.0.25420.1
MinimumVisualStudioVersion = 10.0.40219.1
Project("{FAE04EC0-301F-11D3-BF4B-00C04F79EFBC}") = "ItemsListApp.Api", "ItemsListApp.Api\ItemsListApp.Api.csproj", "{EA9C2359-7A9E-4A08-840D-18438234AE75}"
EndProject
Project("{FAE04EC0-301F-11D3-BF4B-00C04F79EFBC}") = "ItemsListApp.Api.Tests", "ItemsListApp.Api.Tests\ItemsListApp.Api.Tests.csproj", "{66F06A5A-D5D4-413D-B41B-305CE4D6EA6D}"
EndProject
Global
	GlobalSection(SolutionConfigurationPlatforms) = preSolution
		Debug|Any CPU = Debug|Any CPU
		Release|Any CPU = Release|Any CPU
	EndGlobalSection
	GlobalSection(ProjectConfigurationPlatforms) = postSolution
		{EA9C2359-7A9E-4A08-840D-18438234AE75}.Debug|Any CPU.ActiveCfg = Debug|Any CPU
		{EA9C2359-7A9E-4A08-840D-18438234AE75}.Debug|Any CPU.Build.0 = Debug|Any CPU
		{EA9C2359-7A9E-4A08-840D-18438234AE75}.Release|Any CPU.ActiveCfg = Release|Any CPU
		{EA9C2359-7A9E-4A08-840D-18438234AE75}.Release|Any CPU.Build.0 = Release|Any CPU
		{66F06A5A-D5D4-413D-B41B-305CE4D6EA6D}.Debug|Any CPU.ActiveCfg = Debug|Any CPU
		{66F06A5A-D5D4-413D-B41B-305CE4D6EA6D}.Debug|Any CPU.Build.0 = Debug|Any CPU
		{66F06A5A-D5D4-413D-B41B-305CE4D6EA6D}.Release|Any CPU.ActiveCfg = Release|Any CPU
		{66F06A5A-D5D4-413D-B41B-305CE4D6EA6D}.Release|Any CPU.Build.0 = Release|Any CPU
	EndGlobalSection
	GlobalSection(SolutionProperties) = preSolution
		HideSolutionNode = FALSE
	EndGlobalSection
EndGlobal
